// !$*UTF8*$!
{
	archiveVersion = 1;
	classes = {
	};
	objectVersion = 55;
	objects = {

/* Begin PBXBuildFile section */
		4742CA65278CC5DF003B9D78 /* AppDelegate.swift in Sources */ = {isa = PBXBuildFile; fileRef = 4742CA64278CC5DF003B9D78 /* AppDelegate.swift */; };
		4742CA67278CC5DF003B9D78 /* SceneDelegate.swift in Sources */ = {isa = PBXBuildFile; fileRef = 4742CA66278CC5DF003B9D78 /* SceneDelegate.swift */; };
		4742CA69278CC5DF003B9D78 /* ViewController.swift in Sources */ = {isa = PBXBuildFile; fileRef = 4742CA68278CC5DF003B9D78 /* ViewController.swift */; };
		4742CA6C278CC5DF003B9D78 /* Main.storyboard in Resources */ = {isa = PBXBuildFile; fileRef = 4742CA6A278CC5DF003B9D78 /* Main.storyboard */; };
		4742CA6E278CC5E0003B9D78 /* Assets.xcassets in Resources */ = {isa = PBXBuildFile; fileRef = 4742CA6D278CC5E0003B9D78 /* Assets.xcassets */; };
		4742CA71278CC5E0003B9D78 /* LaunchScreen.storyboard in Resources */ = {isa = PBXBuildFile; fileRef = 4742CA6F278CC5E0003B9D78 /* LaunchScreen.storyboard */; };
		4768439727940A6600D4DE70 /* CircleView.xib in Resources */ = {isa = PBXBuildFile; fileRef = 4768439627940A6600D4DE70 /* CircleView.xib */; };
		4768439927940D6800D4DE70 /* CustomCircleView.swift in Sources */ = {isa = PBXBuildFile; fileRef = 4768439827940D6800D4DE70 /* CustomCircleView.swift */; };
/* End PBXBuildFile section */

/* Begin PBXFileReference section */
		4742CA61278CC5DF003B9D78 /* IOS15-22.8_Module.Practice.app */ = {isa = PBXFileReference; explicitFileType = wrapper.application; includeInIndex = 0; path = "IOS15-22.8_Module.Practice.app"; sourceTree = BUILT_PRODUCTS_DIR; };
		4742CA64278CC5DF003B9D78 /* AppDelegate.swift */ = {isa = PBXFileReference; lastKnownFileType = sourcecode.swift; path = AppDelegate.swift; sourceTree = "<group>"; };
		4742CA66278CC5DF003B9D78 /* SceneDelegate.swift */ = {isa = PBXFileReference; lastKnownFileType = sourcecode.swift; path = SceneDelegate.swift; sourceTree = "<group>"; };
		4742CA68278CC5DF003B9D78 /* ViewController.swift */ = {isa = PBXFileReference; lastKnownFileType = sourcecode.swift; path = ViewController.swift; sourceTree = "<group>"; };
		4742CA6B278CC5DF003B9D78 /* Base */ = {isa = PBXFileReference; lastKnownFileType = file.storyboard; name = Base; path = Base.lproj/Main.storyboard; sourceTree = "<group>"; };
		4742CA6D278CC5E0003B9D78 /* Assets.xcassets */ = {isa = PBXFileReference; lastKnownFileType = folder.assetcatalog; path = Assets.xcassets; sourceTree = "<group>"; };
		4742CA70278CC5E0003B9D78 /* Base */ = {isa = PBXFileReference; lastKnownFileType = file.storyboard; name = Base; path = Base.lproj/LaunchScreen.storyboard; sourceTree = "<group>"; };
		4742CA72278CC5E0003B9D78 /* Info.plist */ = {isa = PBXFileReference; lastKnownFileType = text.plist.xml; path = Info.plist; sourceTree = "<group>"; };
		4768439627940A6600D4DE70 /* CircleView.xib */ = {isa = PBXFileReference; lastKnownFileType = file.xib; path = CircleView.xib; sourceTree = "<group>"; };
		4768439827940D6800D4DE70 /* CustomCircleView.swift */ = {isa = PBXFileReference; lastKnownFileType = sourcecode.swift; path = CustomCircleView.swift; sourceTree = "<group>"; };
/* End PBXFileReference section */

/* Begin PBXFrameworksBuildPhase section */
		4742CA5E278CC5DF003B9D78 /* Frameworks */ = {
			isa = PBXFrameworksBuildPhase;
			buildActionMask = 2147483647;
			files = (
			);
			runOnlyForDeploymentPostprocessing = 0;
		};
/* End PBXFrameworksBuildPhase section */

/* Begin PBXGroup section */
		4742CA58278CC5DF003B9D78 = {
			isa = PBXGroup;
			children = (
				4742CA63278CC5DF003B9D78 /* IOS15-22.8_Module.Practice */,
				4742CA62278CC5DF003B9D78 /* Products */,
			);
			sourceTree = "<group>";
		};
		4742CA62278CC5DF003B9D78 /* Products */ = {
			isa = PBXGroup;
			children = (
				4742CA61278CC5DF003B9D78 /* IOS15-22.8_Module.Practice.app */,
			);
			name = Products;
			sourceTree = "<group>";
		};
		4742CA63278CC5DF003B9D78 /* IOS15-22.8_Module.Practice */ = {
			isa = PBXGroup;
			children = (
				4742CA6F278CC5E0003B9D78 /* LaunchScreen.storyboard */,
				4742CA64278CC5DF003B9D78 /* AppDelegate.swift */,
				4742CA66278CC5DF003B9D78 /* SceneDelegate.swift */,
				4742CA6A278CC5DF003B9D78 /* Main.storyboard */,
				4742CA68278CC5DF003B9D78 /* ViewController.swift */,
				4768439627940A6600D4DE70 /* CircleView.xib */,
				4768439827940D6800D4DE70 /* CustomCircleView.swift */,
				4742CA6D278CC5E0003B9D78 /* Assets.xcassets */,
				4742CA72278CC5E0003B9D78 /* Info.plist */,
			);
			path = "IOS15-22.8_Module.Practice";
			sourceTree = "<group>";
		};
/* End PBXGroup section */

/* Begin PBXNativeTarget section */
		4742CA60278CC5DF003B9D78 /* IOS15-22.8_Module.Practice */ = {
			isa = PBXNativeTarget;
			buildConfigurationList = 4742CA75278CC5E0003B9D78 /* Build configuration list for PBXNativeTarget "IOS15-22.8_Module.Practice" */;
			buildPhases = (
				4742CA5D278CC5DF003B9D78 /* Sources */,
				4742CA5E278CC5DF003B9D78 /* Frameworks */,
				4742CA5F278CC5DF003B9D78 /* Resources */,
			);
			buildRules = (
			);
			dependencies = (
			);
			name = "IOS15-22.8_Module.Practice";
			productName = "IOS15-21.7_Module.MiniGame";
			productReference = 4742CA61278CC5DF003B9D78 /* IOS15-22.8_Module.Practice.app */;
			productType = "com.apple.product-type.application";
		};
/* End PBXNativeTarget section */

/* Begin PBXProject section */
		4742CA59278CC5DF003B9D78 /* Project object */ = {
			isa = PBXProject;
			attributes = {
				BuildIndependentTargetsInParallel = 1;
				LastSwiftUpdateCheck = 1310;
				LastUpgradeCheck = 1310;
				TargetAttributes = {
					4742CA60278CC5DF003B9D78 = {
						CreatedOnToolsVersion = 13.1;
					};
				};
			};
			buildConfigurationList = 4742CA5C278CC5DF003B9D78 /* Build configuration list for PBXProject "IOS15-22.8_Module.Practice" */;
			compatibilityVersion = "Xcode 13.0";
			developmentRegion = en;
			hasScannedForEncodings = 0;
			knownRegions = (
				en,
				Base,
			);
			mainGroup = 4742CA58278CC5DF003B9D78;
			productRefGroup = 4742CA62278CC5DF003B9D78 /* Products */;
			projectDirPath = "";
			projectRoot = "";
			targets = (
				4742CA60278CC5DF003B9D78 /* IOS15-22.8_Module.Practice */,
			);
		};
/* End PBXProject section */

/* Begin PBXResourcesBuildPhase section */
		4742CA5F278CC5DF003B9D78 /* Resources */ = {
			isa = PBXResourcesBuildPhase;
			buildActionMask = 2147483647;
			files = (
				4768439727940A6600D4DE70 /* CircleView.xib in Resources */,
				4742CA71278CC5E0003B9D78 /* LaunchScreen.storyboard in Resources */,
				4742CA6E278CC5E0003B9D78 /* Assets.xcassets in Resources */,
				4742CA6C278CC5DF003B9D78 /* Main.storyboard in Resources */,
			);
			runOnlyForDeploymentPostprocessing = 0;
		};
/* End PBXResourcesBuildPhase section */

/* Begin PBXSourcesBuildPhase section */
		4742CA5D278CC5DF003B9D78 /* Sources */ = {
			isa = PBXSourcesBuildPhase;
			buildActionMask = 2147483647;
			files = (
				4742CA69278CC5DF003B9D78 /* ViewController.swift in Sources */,
				4768439927940D6800D4DE70 /* CustomCircleView.swift in Sources */,
				4742CA65278CC5DF003B9D78 /* AppDelegate.swift in Sources */,
				4742CA67278CC5DF003B9D78 /* SceneDelegate.swift in Sources */,
			);
			runOnlyForDeploymentPostprocessing = 0;
		};
/* End PBXSourcesBuildPhase section */

/* Begin PBXVariantGroup section */
		4742CA6A278CC5DF003B9D78 /* Main.storyboard */ = {
			isa = PBXVariantGroup;
			children = (
				4742CA6B278CC5DF003B9D78 /* Base */,
			);
			name = Main.storyboard;
			sourceTree = "<group>";
		};
		4742CA6F278CC5E0003B9D78 /* LaunchScreen.storyboard */ = {
			isa = PBXVariantGroup;
			children = (
				4742CA70278CC5E0003B9D78 /* Base */,
			);
			name = LaunchScreen.storyboard;
			sourceTree = "<group>";
		};
/* End PBXVariantGroup section */

/* Begin XCBuildConfiguration section */
		4742CA73278CC5E0003B9D78 /* Debug */ = {
			isa = XCBuildConfiguration;
			buildSettings = {
				ALWAYS_SEARCH_USER_PATHS = NO;
				CLANG_ANALYZER_NONNULL = YES;
				CLANG_ANALYZER_NUMBER_OBJECT_CONVERSION = YES_AGGRESSIVE;
				CLANG_CXX_LANGUAGE_STANDARD = "gnu++17";
				CLANG_CXX_LIBRARY = "libc++";
				CLANG_ENABLE_MODULES = YES;
				CLANG_ENABLE_OBJC_ARC = YES;
				CLANG_ENABLE_OBJC_WEAK = YES;
				CLANG_WARN_BLOCK_CAPTURE_AUTORELEASING = YES;
				CLANG_WARN_BOOL_CONVERSION = YES;
				CLANG_WARN_COMMA = YES;
				CLANG_WARN_CONSTANT_CONVERSION = YES;
				CLANG_WARN_DEPRECATED_OBJC_IMPLEMENTATIONS = YES;
				CLANG_WARN_DIRECT_OBJC_ISA_USAGE = YES_ERROR;
				CLANG_WARN_DOCUMENTATION_COMMENTS = YES;
				CLANG_WARN_EMPTY_BODY = YES;
				CLANG_WARN_ENUM_CONVERSION = YES;
				CLANG_WARN_INFINITE_RECURSION = YES;
				CLANG_WARN_INT_CONVERSION = YES;
				CLANG_WARN_NON_LITERAL_NULL_CONVERSION = YES;
				CLANG_WARN_OBJC_IMPLICIT_RETAIN_SELF = YES;
				CLANG_WARN_OBJC_LITERAL_CONVERSION = YES;
				CLANG_WARN_OBJC_ROOT_CLASS = YES_ERROR;
				CLANG_WARN_QUOTED_INCLUDE_IN_FRAMEWORK_HEADER = YES;
				CLANG_WARN_RANGE_LOOP_ANALYSIS = YES;
				CLANG_WARN_STRICT_PROTOTYPES = YES;
				CLANG_WARN_SUSPICIOUS_MOVE = YES;
				CLANG_WARN_UNGUARDED_AVAILABILITY = YES_AGGRESSIVE;
				CLANG_WARN_UNREACHABLE_CODE = YES;
				CLANG_WARN__DUPLICATE_METHOD_MATCH = YES;
				COPY_PHASE_STRIP = NO;
				DEBUG_INFORMATION_FORMAT = dwarf;
				ENABLE_STRICT_OBJC_MSGSEND = YES;
				ENABLE_TESTABILITY = YES;
				GCC_C_LANGUAGE_STANDARD = gnu11;
				GCC_DYNAMIC_NO_PIC = NO;
				GCC_NO_COMMON_BLOCKS = YES;
				GCC_OPTIMIZATION_LEVEL = 0;
				GCC_PREPROCESSOR_DEFINITIONS = (
					"DEBUG=1",
					"$(inherited)",
				);
				GCC_WARN_64_TO_32_BIT_CONVERSION = YES;
				GCC_WARN_ABOUT_RETURN_TYPE = YES_ERROR;
				GCC_WARN_UNDECLARED_SELECTOR = YES;
				GCC_WARN_UNINITIALIZED_AUTOS = YES_AGGRESSIVE;
				GCC_WARN_UNUSED_FUNCTION = YES;
				GCC_WARN_UNUSED_VARIABLE = YES;
				IPHONEOS_DEPLOYMENT_TARGET = 14.7;
				MTL_ENABLE_DEBUG_INFO = INCLUDE_SOURCE;
				MTL_FAST_MATH = YES;
				ONLY_ACTIVE_ARCH = YES;
				SDKROOT = iphoneos;
				SWIFT_ACTIVE_COMPILATION_CONDITIONS = DEBUG;
				SWIFT_OPTIMIZATION_LEVEL = "-Onone";
			};
			name = Debug;
		};
		4742CA74278CC5E0003B9D78 /* Release */ = {
			isa = XCBuildConfiguration;
			buildSettings = {
				ALWAYS_SEARCH_USER_PATHS = NO;
				CLANG_ANALYZER_NONNULL = YES;
				CLANG_ANALYZER_NUMBER_OBJECT_CONVERSION = YES_AGGRESSIVE;
				CLANG_CXX_LANGUAGE_STANDARD = "gnu++17";
				CLANG_CXX_LIBRARY = "libc++";
				CLANG_ENABLE_MODULES = YES;
				CLANG_ENABLE_OBJC_ARC = YES;
				CLANG_ENABLE_OBJC_WEAK = YES;
				CLANG_WARN_BLOCK_CAPTURE_AUTORELEASING = YES;
				CLANG_WARN_BOOL_CONVERSION = YES;
				CLANG_WARN_COMMA = YES;
				CLANG_WARN_CONSTANT_CONVERSION = YES;
				CLANG_WARN_DEPRECATED_OBJC_IMPLEMENTATIONS = YES;
				CLANG_WARN_DIRECT_OBJC_ISA_USAGE = YES_ERROR;
				CLANG_WARN_DOCUMENTATION_COMMENTS = YES;
				CLANG_WARN_EMPTY_BODY = YES;
				CLANG_WARN_ENUM_CONVERSION = YES;
				CLANG_WARN_INFINITE_RECURSION = YES;
				CLANG_WARN_INT_CONVERSION = YES;
				CLANG_WARN_NON_LITERAL_NULL_CONVERSION = YES;
				CLANG_WARN_OBJC_IMPLICIT_RETAIN_SELF = YES;
				CLANG_WARN_OBJC_LITERAL_CONVERSION = YES;
				CLANG_WARN_OBJC_ROOT_CLASS = YES_ERROR;
				CLANG_WARN_QUOTED_INCLUDE_IN_FRAMEWORK_HEADER = YES;
				CLANG_WARN_RANGE_LOOP_ANALYSIS = YES;
				CLANG_WARN_STRICT_PROTOTYPES = YES;
				CLANG_WARN_SUSPICIOUS_MOVE = YES;
				CLANG_WARN_UNGUARDED_AVAILABILITY = YES_AGGRESSIVE;
				CLANG_WARN_UNREACHABLE_CODE = YES;
				CLANG_WARN__DUPLICATE_METHOD_MATCH = YES;
				COPY_PHASE_STRIP = NO;
				DEBUG_INFORMATION_FORMAT = "dwarf-with-dsym";
				ENABLE_NS_ASSERTIONS = NO;
				ENABLE_STRICT_OBJC_MSGSEND = YES;
				GCC_C_LANGUAGE_STANDARD = gnu11;
				GCC_NO_COMMON_BLOCKS = YES;
				GCC_WARN_64_TO_32_BIT_CONVERSION = YES;
				GCC_WARN_ABOUT_RETURN_TYPE = YES_ERROR;
				GCC_WARN_UNDECLARED_SELECTOR = YES;
				GCC_WARN_UNINITIALIZED_AUTOS = YES_AGGRESSIVE;
				GCC_WARN_UNUSED_FUNCTION = YES;
				GCC_WARN_UNUSED_VARIABLE = YES;
				IPHONEOS_DEPLOYMENT_TARGET = 14.7;
				MTL_ENABLE_DEBUG_INFO = NO;
				MTL_FAST_MATH = YES;
				SDKROOT = iphoneos;
				SWIFT_COMPILATION_MODE = wholemodule;
				SWIFT_OPTIMIZATION_LEVEL = "-O";
				VALIDATE_PRODUCT = YES;
			};
			name = Release;
		};
		4742CA76278CC5E0003B9D78 /* Debug */ = {
			isa = XCBuildConfiguration;
			buildSettings = {
				ASSETCATALOG_COMPILER_APPICON_NAME = AppIcon;
				ASSETCATALOG_COMPILER_GLOBAL_ACCENT_COLOR_NAME = AccentColor;
				CODE_SIGN_STYLE = Automatic;
				CURRENT_PROJECT_VERSION = 1;
				DEVELOPMENT_TEAM = A5VB8H4CNT;
				GENERATE_INFOPLIST_FILE = YES;
				INFOPLIST_FILE = "IOS15-22.8_Module.Practice/Info.plist";
				"INFOPLIST_FILE[sdk=*]" = "IOS15-22.8_Module.Practice/Info.plist";
				INFOPLIST_KEY_UIApplicationSupportsIndirectInputEvents = YES;
				INFOPLIST_KEY_UILaunchStoryboardName = LaunchScreen;
				INFOPLIST_KEY_UIMainStoryboardFile = Main;
				INFOPLIST_KEY_UISupportedInterfaceOrientations_iPad = "UIInterfaceOrientationPortrait UIInterfaceOrientationPortraitUpsideDown UIInterfaceOrientationLandscapeLeft UIInterfaceOrientationLandscapeRight";
				INFOPLIST_KEY_UISupportedInterfaceOrientations_iPhone = "UIInterfaceOrientationPortrait UIInterfaceOrientationLandscapeLeft UIInterfaceOrientationLandscapeRight";
				IPHONEOS_DEPLOYMENT_TARGET = 14.7;
				LD_RUNPATH_SEARCH_PATHS = (
					"$(inherited)",
					"@executable_path/Frameworks",
				);
				MARKETING_VERSION = 1.0;
				PRODUCT_BUNDLE_IDENTIFIER = "IOS15-22.8-Module.Practice";
				PRODUCT_NAME = "$(TARGET_NAME)";
				SWIFT_EMIT_LOC_STRINGS = YES;
				SWIFT_VERSION = 5.0;
				TARGETED_DEVICE_FAMILY = "1,2";
			};
			name = Debug;
		};
		4742CA77278CC5E0003B9D78 /* Release */ = {
			isa = XCBuildConfiguration;
			buildSettings = {
				ASSETCATALOG_COMPILER_APPICON_NAME = AppIcon;
				ASSETCATALOG_COMPILER_GLOBAL_ACCENT_COLOR_NAME = AccentColor;
				CODE_SIGN_STYLE = Automatic;
				CURRENT_PROJECT_VERSION = 1;
				DEVELOPMENT_TEAM = A5VB8H4CNT;
				GENERATE_INFOPLIST_FILE = YES;
				INFOPLIST_FILE = "IOS15-22.8_Module.Practice/Info.plist";
				INFOPLIST_KEY_UIApplicationSupportsIndirectInputEvents = YES;
				INFOPLIST_KEY_UILaunchStoryboardName = LaunchScreen;
				INFOPLIST_KEY_UIMainStoryboardFile = Main;
				INFOPLIST_KEY_UISupportedInterfaceOrientations_iPad = "UIInterfaceOrientationPortrait UIInterfaceOrientationPortraitUpsideDown UIInterfaceOrientationLandscapeLeft UIInterfaceOrientationLandscapeRight";
				INFOPLIST_KEY_UISupportedInterfaceOrientations_iPhone = "UIInterfaceOrientationPortrait UIInterfaceOrientationLandscapeLeft UIInterfaceOrientationLandscapeRight";
				IPHONEOS_DEPLOYMENT_TARGET = 14.7;
				LD_RUNPATH_SEARCH_PATHS = (
					"$(inherited)",
					"@executable_path/Frameworks",
				);
				MARKETING_VERSION = 1.0;
				PRODUCT_BUNDLE_IDENTIFIER = "IOS15-22.8-Module.Practice";
				PRODUCT_NAME = "$(TARGET_NAME)";
				SWIFT_EMIT_LOC_STRINGS = YES;
				SWIFT_VERSION = 5.0;
				TARGETED_DEVICE_FAMILY = "1,2";
			};
			name = Release;
		};
/* End XCBuildConfiguration section */

/* Begin XCConfigurationList section */
		4742CA5C278CC5DF003B9D78 /* Build configuration list for PBXProject "IOS15-22.8_Module.Practice" */ = {
			isa = XCConfigurationList;
			buildConfigurations = (
				4742CA73278CC5E0003B9D78 /* Debug */,
				4742CA74278CC5E0003B9D78 /* Release */,
			);
			defaultConfigurationIsVisible = 0;
			defaultConfigurationName = Release;
		};
		4742CA75278CC5E0003B9D78 /* Build configuration list for PBXNativeTarget "IOS15-22.8_Module.Practice" */ = {
			isa = XCConfigurationList;
			buildConfigurations = (
				4742CA76278CC5E0003B9D78 /* Debug */,
				4742CA77278CC5E0003B9D78 /* Release */,
			);
			defaultConfigurationIsVisible = 0;
			defaultConfigurationName = Release;
		};
/* End XCConfigurationList section */
	};
	rootObject = 4742CA59278CC5DF003B9D78 /* Project object */;
}
