// !$*UTF8*$!
{
	archiveVersion = 1;
	classes = {
	};
	objectVersion = 55;
	objects = {

/* Begin PBXBuildFile section */
		47EAD50528568A9E00949BBD /* AppDelegate.swift in Sources */ = {isa = PBXBuildFile; fileRef = 47EAD50428568A9E00949BBD /* AppDelegate.swift */; };
		47EAD50728568A9E00949BBD /* SceneDelegate.swift in Sources */ = {isa = PBXBuildFile; fileRef = 47EAD50628568A9E00949BBD /* SceneDelegate.swift */; };
		47EAD50928568A9E00949BBD /* ViewController.swift in Sources */ = {isa = PBXBuildFile; fileRef = 47EAD50828568A9E00949BBD /* ViewController.swift */; };
		47EAD50C28568A9E00949BBD /* Main.storyboard in Resources */ = {isa = PBXBuildFile; fileRef = 47EAD50A28568A9E00949BBD /* Main.storyboard */; };
		47EAD50E28568AA000949BBD /* Assets.xcassets in Resources */ = {isa = PBXBuildFile; fileRef = 47EAD50D28568AA000949BBD /* Assets.xcassets */; };
		47EAD51128568AA000949BBD /* LaunchScreen.storyboard in Resources */ = {isa = PBXBuildFile; fileRef = 47EAD50F28568AA000949BBD /* LaunchScreen.storyboard */; };
/* End PBXBuildFile section */

/* Begin PBXFileReference section */
		47EAD50128568A9E00949BBD /* IOS15-37.7_Module.Serialized&Deserialized.Final Project.app */ = {isa = PBXFileReference; explicitFileType = wrapper.application; includeInIndex = 0; path = "IOS15-37.7_Module.Serialized&Deserialized.Final Project.app"; sourceTree = BUILT_PRODUCTS_DIR; };
		47EAD50428568A9E00949BBD /* AppDelegate.swift */ = {isa = PBXFileReference; lastKnownFileType = sourcecode.swift; path = AppDelegate.swift; sourceTree = "<group>"; };
		47EAD50628568A9E00949BBD /* SceneDelegate.swift */ = {isa = PBXFileReference; lastKnownFileType = sourcecode.swift; path = SceneDelegate.swift; sourceTree = "<group>"; };
		47EAD50828568A9E00949BBD /* ViewController.swift */ = {isa = PBXFileReference; lastKnownFileType = sourcecode.swift; path = ViewController.swift; sourceTree = "<group>"; };
		47EAD50B28568A9E00949BBD /* Base */ = {isa = PBXFileReference; lastKnownFileType = file.storyboard; name = Base; path = Base.lproj/Main.storyboard; sourceTree = "<group>"; };
		47EAD50D28568AA000949BBD /* Assets.xcassets */ = {isa = PBXFileReference; lastKnownFileType = folder.assetcatalog; path = Assets.xcassets; sourceTree = "<group>"; };
		47EAD51028568AA000949BBD /* Base */ = {isa = PBXFileReference; lastKnownFileType = file.storyboard; name = Base; path = Base.lproj/LaunchScreen.storyboard; sourceTree = "<group>"; };
		47EAD51228568AA000949BBD /* Info.plist */ = {isa = PBXFileReference; lastKnownFileType = text.plist.xml; path = Info.plist; sourceTree = "<group>"; };
/* End PBXFileReference section */

/* Begin PBXFrameworksBuildPhase section */
		47EAD4FE28568A9E00949BBD /* Frameworks */ = {
			isa = PBXFrameworksBuildPhase;
			buildActionMask = 2147483647;
			files = (
			);
			runOnlyForDeploymentPostprocessing = 0;
		};
/* End PBXFrameworksBuildPhase section */

/* Begin PBXGroup section */
		47EAD4F828568A9E00949BBD = {
			isa = PBXGroup;
			children = (
				47EAD50328568A9E00949BBD /* IOS15-37.7_Module.Serialized&Deserialized.Final Project */,
				47EAD50228568A9E00949BBD /* Products */,
			);
			sourceTree = "<group>";
		};
		47EAD50228568A9E00949BBD /* Products */ = {
			isa = PBXGroup;
			children = (
				47EAD50128568A9E00949BBD /* IOS15-37.7_Module.Serialized&Deserialized.Final Project.app */,
			);
			name = Products;
			sourceTree = "<group>";
		};
		47EAD50328568A9E00949BBD /* IOS15-37.7_Module.Serialized&Deserialized.Final Project */ = {
			isa = PBXGroup;
			children = (
				47EAD50428568A9E00949BBD /* AppDelegate.swift */,
				47EAD50628568A9E00949BBD /* SceneDelegate.swift */,
				47EAD50828568A9E00949BBD /* ViewController.swift */,
				47EAD50A28568A9E00949BBD /* Main.storyboard */,
				47EAD50D28568AA000949BBD /* Assets.xcassets */,
				47EAD50F28568AA000949BBD /* LaunchScreen.storyboard */,
				47EAD51228568AA000949BBD /* Info.plist */,
			);
			path = "IOS15-37.7_Module.Serialized&Deserialized.Final Project";
			sourceTree = "<group>";
		};
/* End PBXGroup section */

/* Begin PBXNativeTarget section */
		47EAD50028568A9E00949BBD /* IOS15-37.7_Module.Serialized&Deserialized.Final Project */ = {
			isa = PBXNativeTarget;
			buildConfigurationList = 47EAD51528568AA000949BBD /* Build configuration list for PBXNativeTarget "IOS15-37.7_Module.Serialized&Deserialized.Final Project" */;
			buildPhases = (
				47EAD4FD28568A9E00949BBD /* Sources */,
				47EAD4FE28568A9E00949BBD /* Frameworks */,
				47EAD4FF28568A9E00949BBD /* Resources */,
			);
			buildRules = (
			);
			dependencies = (
			);
			name = "IOS15-37.7_Module.Serialized&Deserialized.Final Project";
			productName = "IOS15-37.7_Module.Serialized&Deserialized.Final Project";
			productReference = 47EAD50128568A9E00949BBD /* IOS15-37.7_Module.Serialized&Deserialized.Final Project.app */;
			productType = "com.apple.product-type.application";
		};
/* End PBXNativeTarget section */

/* Begin PBXProject section */
		47EAD4F928568A9E00949BBD /* Project object */ = {
			isa = PBXProject;
			attributes = {
				BuildIndependentTargetsInParallel = 1;
				LastSwiftUpdateCheck = 1310;
				LastUpgradeCheck = 1310;
				TargetAttributes = {
					47EAD50028568A9E00949BBD = {
						CreatedOnToolsVersion = 13.1;
					};
				};
			};
			buildConfigurationList = 47EAD4FC28568A9E00949BBD /* Build configuration list for PBXProject "IOS15-37.7_Module.Serialized&Deserialized.Final Project" */;
			compatibilityVersion = "Xcode 13.0";
			developmentRegion = en;
			hasScannedForEncodings = 0;
			knownRegions = (
				en,
				Base,
			);
			mainGroup = 47EAD4F828568A9E00949BBD;
			productRefGroup = 47EAD50228568A9E00949BBD /* Products */;
			projectDirPath = "";
			projectRoot = "";
			targets = (
				47EAD50028568A9E00949BBD /* IOS15-37.7_Module.Serialized&Deserialized.Final Project */,
			);
		};
/* End PBXProject section */

/* Begin PBXResourcesBuildPhase section */
		47EAD4FF28568A9E00949BBD /* Resources */ = {
			isa = PBXResourcesBuildPhase;
			buildActionMask = 2147483647;
			files = (
				47EAD51128568AA000949BBD /* LaunchScreen.storyboard in Resources */,
				47EAD50E28568AA000949BBD /* Assets.xcassets in Resources */,
				47EAD50C28568A9E00949BBD /* Main.storyboard in Resources */,
			);
			runOnlyForDeploymentPostprocessing = 0;
		};
/* End PBXResourcesBuildPhase section */

/* Begin PBXSourcesBuildPhase section */
		47EAD4FD28568A9E00949BBD /* Sources */ = {
			isa = PBXSourcesBuildPhase;
			buildActionMask = 2147483647;
			files = (
				47EAD50928568A9E00949BBD /* ViewController.swift in Sources */,
				47EAD50528568A9E00949BBD /* AppDelegate.swift in Sources */,
				47EAD50728568A9E00949BBD /* SceneDelegate.swift in Sources */,
			);
			runOnlyForDeploymentPostprocessing = 0;
		};
/* End PBXSourcesBuildPhase section */

/* Begin PBXVariantGroup section */
		47EAD50A28568A9E00949BBD /* Main.storyboard */ = {
			isa = PBXVariantGroup;
			children = (
				47EAD50B28568A9E00949BBD /* Base */,
			);
			name = Main.storyboard;
			sourceTree = "<group>";
		};
		47EAD50F28568AA000949BBD /* LaunchScreen.storyboard */ = {
			isa = PBXVariantGroup;
			children = (
				47EAD51028568AA000949BBD /* Base */,
			);
			name = LaunchScreen.storyboard;
			sourceTree = "<group>";
		};
/* End PBXVariantGroup section */

/* Begin XCBuildConfiguration section */
		47EAD51328568AA000949BBD /* Debug */ = {
			isa = XCBuildConfiguration;
			buildSettings = {
				ALWAYS_SEARCH_USER_PATHS = NO;
				CLANG_ANALYZER_NONNULL = YES;
				CLANG_ANALYZER_NUMBER_OBJECT_CONVERSION = YES_AGGRESSIVE;
				CLANG_CXX_LANGUAGE_STANDARD = "gnu++17";
				CLANG_CXX_LIBRARY = "libc++";
				CLANG_ENABLE_MODULES = YES;
				CLANG_ENABLE_OBJC_ARC = YES;
				CLANG_ENABLE_OBJC_WEAK = YES;
				CLANG_WARN_BLOCK_CAPTURE_AUTORELEASING = YES;
				CLANG_WARN_BOOL_CONVERSION = YES;
				CLANG_WARN_COMMA = YES;
				CLANG_WARN_CONSTANT_CONVERSION = YES;
				CLANG_WARN_DEPRECATED_OBJC_IMPLEMENTATIONS = YES;
				CLANG_WARN_DIRECT_OBJC_ISA_USAGE = YES_ERROR;
				CLANG_WARN_DOCUMENTATION_COMMENTS = YES;
				CLANG_WARN_EMPTY_BODY = YES;
				CLANG_WARN_ENUM_CONVERSION = YES;
				CLANG_WARN_INFINITE_RECURSION = YES;
				CLANG_WARN_INT_CONVERSION = YES;
				CLANG_WARN_NON_LITERAL_NULL_CONVERSION = YES;
				CLANG_WARN_OBJC_IMPLICIT_RETAIN_SELF = YES;
				CLANG_WARN_OBJC_LITERAL_CONVERSION = YES;
				CLANG_WARN_OBJC_ROOT_CLASS = YES_ERROR;
				CLANG_WARN_QUOTED_INCLUDE_IN_FRAMEWORK_HEADER = YES;
				CLANG_WARN_RANGE_LOOP_ANALYSIS = YES;
				CLANG_WARN_STRICT_PROTOTYPES = YES;
				CLANG_WARN_SUSPICIOUS_MOVE = YES;
				CLANG_WARN_UNGUARDED_AVAILABILITY = YES_AGGRESSIVE;
				CLANG_WARN_UNREACHABLE_CODE = YES;
				CLANG_WARN__DUPLICATE_METHOD_MATCH = YES;
				COPY_PHASE_STRIP = NO;
				DEBUG_INFORMATION_FORMAT = dwarf;
				ENABLE_STRICT_OBJC_MSGSEND = YES;
				ENABLE_TESTABILITY = YES;
				GCC_C_LANGUAGE_STANDARD = gnu11;
				GCC_DYNAMIC_NO_PIC = NO;
				GCC_NO_COMMON_BLOCKS = YES;
				GCC_OPTIMIZATION_LEVEL = 0;
				GCC_PREPROCESSOR_DEFINITIONS = (
					"DEBUG=1",
					"$(inherited)",
				);
				GCC_WARN_64_TO_32_BIT_CONVERSION = YES;
				GCC_WARN_ABOUT_RETURN_TYPE = YES_ERROR;
				GCC_WARN_UNDECLARED_SELECTOR = YES;
				GCC_WARN_UNINITIALIZED_AUTOS = YES_AGGRESSIVE;
				GCC_WARN_UNUSED_FUNCTION = YES;
				GCC_WARN_UNUSED_VARIABLE = YES;
				IPHONEOS_DEPLOYMENT_TARGET = 15.0;
				MTL_ENABLE_DEBUG_INFO = INCLUDE_SOURCE;
				MTL_FAST_MATH = YES;
				ONLY_ACTIVE_ARCH = YES;
				SDKROOT = iphoneos;
				SWIFT_ACTIVE_COMPILATION_CONDITIONS = DEBUG;
				SWIFT_OPTIMIZATION_LEVEL = "-Onone";
			};
			name = Debug;
		};
		47EAD51428568AA000949BBD /* Release */ = {
			isa = XCBuildConfiguration;
			buildSettings = {
				ALWAYS_SEARCH_USER_PATHS = NO;
				CLANG_ANALYZER_NONNULL = YES;
				CLANG_ANALYZER_NUMBER_OBJECT_CONVERSION = YES_AGGRESSIVE;
				CLANG_CXX_LANGUAGE_STANDARD = "gnu++17";
				CLANG_CXX_LIBRARY = "libc++";
				CLANG_ENABLE_MODULES = YES;
				CLANG_ENABLE_OBJC_ARC = YES;
				CLANG_ENABLE_OBJC_WEAK = YES;
				CLANG_WARN_BLOCK_CAPTURE_AUTORELEASING = YES;
				CLANG_WARN_BOOL_CONVERSION = YES;
				CLANG_WARN_COMMA = YES;
				CLANG_WARN_CONSTANT_CONVERSION = YES;
				CLANG_WARN_DEPRECATED_OBJC_IMPLEMENTATIONS = YES;
				CLANG_WARN_DIRECT_OBJC_ISA_USAGE = YES_ERROR;
				CLANG_WARN_DOCUMENTATION_COMMENTS = YES;
				CLANG_WARN_EMPTY_BODY = YES;
				CLANG_WARN_ENUM_CONVERSION = YES;
				CLANG_WARN_INFINITE_RECURSION = YES;
				CLANG_WARN_INT_CONVERSION = YES;
				CLANG_WARN_NON_LITERAL_NULL_CONVERSION = YES;
				CLANG_WARN_OBJC_IMPLICIT_RETAIN_SELF = YES;
				CLANG_WARN_OBJC_LITERAL_CONVERSION = YES;
				CLANG_WARN_OBJC_ROOT_CLASS = YES_ERROR;
				CLANG_WARN_QUOTED_INCLUDE_IN_FRAMEWORK_HEADER = YES;
				CLANG_WARN_RANGE_LOOP_ANALYSIS = YES;
				CLANG_WARN_STRICT_PROTOTYPES = YES;
				CLANG_WARN_SUSPICIOUS_MOVE = YES;
				CLANG_WARN_UNGUARDED_AVAILABILITY = YES_AGGRESSIVE;
				CLANG_WARN_UNREACHABLE_CODE = YES;
				CLANG_WARN__DUPLICATE_METHOD_MATCH = YES;
				COPY_PHASE_STRIP = NO;
				DEBUG_INFORMATION_FORMAT = "dwarf-with-dsym";
				ENABLE_NS_ASSERTIONS = NO;
				ENABLE_STRICT_OBJC_MSGSEND = YES;
				GCC_C_LANGUAGE_STANDARD = gnu11;
				GCC_NO_COMMON_BLOCKS = YES;
				GCC_WARN_64_TO_32_BIT_CONVERSION = YES;
				GCC_WARN_ABOUT_RETURN_TYPE = YES_ERROR;
				GCC_WARN_UNDECLARED_SELECTOR = YES;
				GCC_WARN_UNINITIALIZED_AUTOS = YES_AGGRESSIVE;
				GCC_WARN_UNUSED_FUNCTION = YES;
				GCC_WARN_UNUSED_VARIABLE = YES;
				IPHONEOS_DEPLOYMENT_TARGET = 15.0;
				MTL_ENABLE_DEBUG_INFO = NO;
				MTL_FAST_MATH = YES;
				SDKROOT = iphoneos;
				SWIFT_COMPILATION_MODE = wholemodule;
				SWIFT_OPTIMIZATION_LEVEL = "-O";
				VALIDATE_PRODUCT = YES;
			};
			name = Release;
		};
		47EAD51628568AA000949BBD /* Debug */ = {
			isa = XCBuildConfiguration;
			buildSettings = {
				ASSETCATALOG_COMPILER_APPICON_NAME = AppIcon;
				ASSETCATALOG_COMPILER_GLOBAL_ACCENT_COLOR_NAME = AccentColor;
				CODE_SIGN_STYLE = Automatic;
				CURRENT_PROJECT_VERSION = 1;
				DEVELOPMENT_TEAM = A5VB8H4CNT;
				GENERATE_INFOPLIST_FILE = YES;
				INFOPLIST_FILE = "IOS15-37.7_Module.Serialized&Deserialized.Final Project/Info.plist";
				INFOPLIST_KEY_UIApplicationSupportsIndirectInputEvents = YES;
				INFOPLIST_KEY_UILaunchStoryboardName = LaunchScreen;
				INFOPLIST_KEY_UIMainStoryboardFile = Main;
				INFOPLIST_KEY_UISupportedInterfaceOrientations_iPad = "UIInterfaceOrientationPortrait UIInterfaceOrientationPortraitUpsideDown UIInterfaceOrientationLandscapeLeft UIInterfaceOrientationLandscapeRight";
				INFOPLIST_KEY_UISupportedInterfaceOrientations_iPhone = "UIInterfaceOrientationPortrait UIInterfaceOrientationLandscapeLeft UIInterfaceOrientationLandscapeRight";
				LD_RUNPATH_SEARCH_PATHS = (
					"$(inherited)",
					"@executable_path/Frameworks",
				);
				MARKETING_VERSION = 1.0;
				PRODUCT_BUNDLE_IDENTIFIER = "Sf-DiTRy.IOS15-37-7-Module-Serialized-Deserialized-Final-Project";
				PRODUCT_NAME = "$(TARGET_NAME)";
				SWIFT_EMIT_LOC_STRINGS = YES;
				SWIFT_VERSION = 5.0;
				TARGETED_DEVICE_FAMILY = "1,2";
			};
			name = Debug;
		};
		47EAD51728568AA000949BBD /* Release */ = {
			isa = XCBuildConfiguration;
			buildSettings = {
				ASSETCATALOG_COMPILER_APPICON_NAME = AppIcon;
				ASSETCATALOG_COMPILER_GLOBAL_ACCENT_COLOR_NAME = AccentColor;
				CODE_SIGN_STYLE = Automatic;
				CURRENT_PROJECT_VERSION = 1;
				DEVELOPMENT_TEAM = A5VB8H4CNT;
				GENERATE_INFOPLIST_FILE = YES;
				INFOPLIST_FILE = "IOS15-37.7_Module.Serialized&Deserialized.Final Project/Info.plist";
				INFOPLIST_KEY_UIApplicationSupportsIndirectInputEvents = YES;
				INFOPLIST_KEY_UILaunchStoryboardName = LaunchScreen;
				INFOPLIST_KEY_UIMainStoryboardFile = Main;
				INFOPLIST_KEY_UISupportedInterfaceOrientations_iPad = "UIInterfaceOrientationPortrait UIInterfaceOrientationPortraitUpsideDown UIInterfaceOrientationLandscapeLeft UIInterfaceOrientationLandscapeRight";
				INFOPLIST_KEY_UISupportedInterfaceOrientations_iPhone = "UIInterfaceOrientationPortrait UIInterfaceOrientationLandscapeLeft UIInterfaceOrientationLandscapeRight";
				LD_RUNPATH_SEARCH_PATHS = (
					"$(inherited)",
					"@executable_path/Frameworks",
				);
				MARKETING_VERSION = 1.0;
				PRODUCT_BUNDLE_IDENTIFIER = "Sf-DiTRy.IOS15-37-7-Module-Serialized-Deserialized-Final-Project";
				PRODUCT_NAME = "$(TARGET_NAME)";
				SWIFT_EMIT_LOC_STRINGS = YES;
				SWIFT_VERSION = 5.0;
				TARGETED_DEVICE_FAMILY = "1,2";
			};
			name = Release;
		};
/* End XCBuildConfiguration section */

/* Begin XCConfigurationList section */
		47EAD4FC28568A9E00949BBD /* Build configuration list for PBXProject "IOS15-37.7_Module.Serialized&Deserialized.Final Project" */ = {
			isa = XCConfigurationList;
			buildConfigurations = (
				47EAD51328568AA000949BBD /* Debug */,
				47EAD51428568AA000949BBD /* Release */,
			);
			defaultConfigurationIsVisible = 0;
			defaultConfigurationName = Release;
		};
		47EAD51528568AA000949BBD /* Build configuration list for PBXNativeTarget "IOS15-37.7_Module.Serialized&Deserialized.Final Project" */ = {
			isa = XCConfigurationList;
			buildConfigurations = (
				47EAD51628568AA000949BBD /* Debug */,
				47EAD51728568AA000949BBD /* Release */,
			);
			defaultConfigurationIsVisible = 0;
			defaultConfigurationName = Release;
		};
/* End XCConfigurationList section */
	};
	rootObject = 47EAD4F928568A9E00949BBD /* Project object */;
}
